
Microsoft Visual Studio Solution File, Format Version 12.00
# Visual Studio Version 17
VisualStudioVersion = 17.2.32616.157
MinimumVisualStudioVersion = 10.0.40219.1
Project("{9A19103F-16F7-4668-BE54-9A1E7A4F7556}") = "LicenceManager.Api.Dto", "Src\LicenceManager.Api.Dto.csproj", "{21888C46-3A13-41A0-89CC-6C3680C1E2CC}"
EndProject
Global
	GlobalSection(SolutionConfigurationPlatforms) = preSolution
		Debug|Any CPU = Debug|Any CPU
		Release|Any CPU = Release|Any CPU
	EndGlobalSection
	GlobalSection(ProjectConfigurationPlatforms) = postSolution
		{21888C46-3A13-41A0-89CC-6C3680C1E2CC}.Debug|Any CPU.ActiveCfg = Debug|Any CPU
		{21888C46-3A13-41A0-89CC-6C3680C1E2CC}.Debug|Any CPU.Build.0 = Debug|Any CPU
		{21888C46-3A13-41A0-89CC-6C3680C1E2CC}.Release|Any CPU.ActiveCfg = Release|Any CPU
		{21888C46-3A13-41A0-89CC-6C3680C1E2CC}.Release|Any CPU.Build.0 = Release|Any CPU
	EndGlobalSection
	GlobalSection(SolutionProperties) = preSolution
		HideSolutionNode = FALSE
	EndGlobalSection
	GlobalSection(ExtensibilityGlobals) = postSolution
		SolutionGuid = {224235AF-AEF6-45EB-A37F-F22C2A9374B5}
	EndGlobalSection
EndGlobal
